
Microsoft Visual Studio Solution File, Format Version 12.00
# Visual Studio 15
VisualStudioVersion = 15.0.28307.1082
MinimumVisualStudioVersion = 10.0.40219.1
Project("{FAE04EC0-301F-11D3-BF4B-00C04F79EFBC}") = "VcsDemo", "VcsDemo\VcsDemo.csproj", "{87A467C0-0FC2-4D12-9F03-DDE67401938C}"
EndProject
Global
	GlobalSection(SolutionConfigurationPlatforms) = preSolution
		Debug|Any CPU = Debug|Any CPU
		Release|Any CPU = Release|Any CPU
	EndGlobalSection
	GlobalSection(ProjectConfigurationPlatforms) = postSolution
		{87A467C0-0FC2-4D12-9F03-DDE67401938C}.Debug|Any CPU.ActiveCfg = Debug|Any CPU
		{87A467C0-0FC2-4D12-9F03-DDE67401938C}.Debug|Any CPU.Build.0 = Debug|Any CPU
		{87A467C0-0FC2-4D12-9F03-DDE67401938C}.Release|Any CPU.ActiveCfg = Release|Any CPU
		{87A467C0-0FC2-4D12-9F03-DDE67401938C}.Release|Any CPU.Build.0 = Release|Any CPU
	EndGlobalSection
	GlobalSection(SolutionProperties) = preSolution
		HideSolutionNode = FALSE
	EndGlobalSection
	GlobalSection(ExtensibilityGlobals) = postSolution
		SolutionGuid = {48F98F82-870F-4412-9995-B09227F580C4}
	EndGlobalSection
EndGlobal
